
Microsoft Visual Studio Solution File, Format Version 12.00
# Visual Studio Version 17
VisualStudioVersion = 17.6.33829.357
MinimumVisualStudioVersion = 10.0.40219.1
Project("{FAE04EC0-301F-11D3-BF4B-00C04F79EFBC}") = "doctoreslist", "doctoreslist\doctoreslist.csproj", "{79E75626-F2D0-4E44-B5AB-9D989AC310BE}"
EndProject
Global
	GlobalSection(SolutionConfigurationPlatforms) = preSolution
		Debug|Any CPU = Debug|Any CPU
		Release|Any CPU = Release|Any CPU
	EndGlobalSection
	GlobalSection(ProjectConfigurationPlatforms) = postSolution
		{79E75626-F2D0-4E44-B5AB-9D989AC310BE}.Debug|Any CPU.ActiveCfg = Debug|Any CPU
		{79E75626-F2D0-4E44-B5AB-9D989AC310BE}.Debug|Any CPU.Build.0 = Debug|Any CPU
		{79E75626-F2D0-4E44-B5AB-9D989AC310BE}.Release|Any CPU.ActiveCfg = Release|Any CPU
		{79E75626-F2D0-4E44-B5AB-9D989AC310BE}.Release|Any CPU.Build.0 = Release|Any CPU
	EndGlobalSection
	GlobalSection(SolutionProperties) = preSolution
		HideSolutionNode = FALSE
	EndGlobalSection
	GlobalSection(ExtensibilityGlobals) = postSolution
		SolutionGuid = {EC72E32E-6CA6-4A1A-AA43-1B3AA5A3C823}
	EndGlobalSection
EndGlobal
